
Microsoft Visual Studio Solution File, Format Version 12.00
# Visual Studio 15
VisualStudioVersion = 15.0.28010.0
MinimumVisualStudioVersion = 10.0.40219.1
Project("{9A19103F-16F7-4668-BE54-9A1E7A4F7556}") = "Day2", "Day2\Day2.csproj", "{3E2261A5-FBD2-4E61-8E14-C08E63CB290D}"
EndProject
Project("{9A19103F-16F7-4668-BE54-9A1E7A4F7556}") = "Day2Tests", "Day2Tests\Day2Tests.csproj", "{8EFE5482-98A0-4B29-A6B5-0EA6E5D15362}"
EndProject
Project("{9A19103F-16F7-4668-BE54-9A1E7A4F7556}") = "Core", "Core\Core.csproj", "{69438616-DC00-470A-8632-1DC80BCCCA3A}"
EndProject
Project("{9A19103F-16F7-4668-BE54-9A1E7A4F7556}") = "Day1", "Day1\Day1.csproj", "{6CCA15E9-B59D-4C4A-A9E2-0E3A4FF7647A}"
EndProject
Project("{9A19103F-16F7-4668-BE54-9A1E7A4F7556}") = "Day1Tests", "Day1Tests\Day1Tests.csproj", "{ABD0A903-4AAF-46A9-9372-DBF59B047549}"
EndProject
Project("{9A19103F-16F7-4668-BE54-9A1E7A4F7556}") = "Day3", "Day3\Day3.csproj", "{CEB5C5E3-4623-41E8-B087-2468CABA8845}"
EndProject
Project("{9A19103F-16F7-4668-BE54-9A1E7A4F7556}") = "Day3Tests", "Day3Tests\Day3Tests.csproj", "{A4E5D712-8CF3-4319-A959-B7EDE9DC896C}"
EndProject
Project("{9A19103F-16F7-4668-BE54-9A1E7A4F7556}") = "Day4", "Day4\Day4.csproj", "{09947C49-0DB5-4ED7-8134-483F10436C13}"
EndProject
Project("{9A19103F-16F7-4668-BE54-9A1E7A4F7556}") = "Day4Tests", "Day4Tests\Day4Tests.csproj", "{DBCCE6A6-5BE2-4999-AD76-D735ADA4346B}"
EndProject
Project("{FAE04EC0-301F-11D3-BF4B-00C04F79EFBC}") = "Day5Tests", "Day5Tests\Day5Tests.csproj", "{016D5928-3786-491C-9640-A15CD7A4FB1C}"
EndProject
Project("{FAE04EC0-301F-11D3-BF4B-00C04F79EFBC}") = "Day5", "Day5\Day5.csproj", "{AB1AD67E-713F-441A-96D1-D19BDC0C5D10}"
EndProject
Project("{FAE04EC0-301F-11D3-BF4B-00C04F79EFBC}") = "Day6", "Day6\Day6.csproj", "{1FB1F101-6051-4295-862F-80347F247EBF}"
EndProject
Project("{FAE04EC0-301F-11D3-BF4B-00C04F79EFBC}") = "Day6Tests", "Day6Tests\Day6Tests.csproj", "{3009F5B6-F7DF-4820-8084-63FCCC3FD3BE}"
EndProject
Project("{FAE04EC0-301F-11D3-BF4B-00C04F79EFBC}") = "Day7", "Day7\Day7.csproj", "{622B2A19-6038-4CC6-8E10-8B18A164E6A7}"
EndProject
Project("{FAE04EC0-301F-11D3-BF4B-00C04F79EFBC}") = "Day7Tests", "Day7Tests\Day7Tests.csproj", "{A28C7A46-18DB-4C80-ADE2-395676117000}"
EndProject
Global
	GlobalSection(SolutionConfigurationPlatforms) = preSolution
		Debug|Any CPU = Debug|Any CPU
		Release|Any CPU = Release|Any CPU
	EndGlobalSection
	GlobalSection(ProjectConfigurationPlatforms) = postSolution
		{3E2261A5-FBD2-4E61-8E14-C08E63CB290D}.Debug|Any CPU.ActiveCfg = Debug|Any CPU
		{3E2261A5-FBD2-4E61-8E14-C08E63CB290D}.Debug|Any CPU.Build.0 = Debug|Any CPU
		{3E2261A5-FBD2-4E61-8E14-C08E63CB290D}.Release|Any CPU.ActiveCfg = Release|Any CPU
		{3E2261A5-FBD2-4E61-8E14-C08E63CB290D}.Release|Any CPU.Build.0 = Release|Any CPU
		{8EFE5482-98A0-4B29-A6B5-0EA6E5D15362}.Debug|Any CPU.ActiveCfg = Debug|Any CPU
		{8EFE5482-98A0-4B29-A6B5-0EA6E5D15362}.Debug|Any CPU.Build.0 = Debug|Any CPU
		{8EFE5482-98A0-4B29-A6B5-0EA6E5D15362}.Release|Any CPU.ActiveCfg = Release|Any CPU
		{8EFE5482-98A0-4B29-A6B5-0EA6E5D15362}.Release|Any CPU.Build.0 = Release|Any CPU
		{69438616-DC00-470A-8632-1DC80BCCCA3A}.Debug|Any CPU.ActiveCfg = Debug|Any CPU
		{69438616-DC00-470A-8632-1DC80BCCCA3A}.Debug|Any CPU.Build.0 = Debug|Any CPU
		{69438616-DC00-470A-8632-1DC80BCCCA3A}.Release|Any CPU.ActiveCfg = Release|Any CPU
		{69438616-DC00-470A-8632-1DC80BCCCA3A}.Release|Any CPU.Build.0 = Release|Any CPU
		{6CCA15E9-B59D-4C4A-A9E2-0E3A4FF7647A}.Debug|Any CPU.ActiveCfg = Debug|Any CPU
		{6CCA15E9-B59D-4C4A-A9E2-0E3A4FF7647A}.Debug|Any CPU.Build.0 = Debug|Any CPU
		{6CCA15E9-B59D-4C4A-A9E2-0E3A4FF7647A}.Release|Any CPU.ActiveCfg = Release|Any CPU
		{6CCA15E9-B59D-4C4A-A9E2-0E3A4FF7647A}.Release|Any CPU.Build.0 = Release|Any CPU
		{ABD0A903-4AAF-46A9-9372-DBF59B047549}.Debug|Any CPU.ActiveCfg = Debug|Any CPU
		{ABD0A903-4AAF-46A9-9372-DBF59B047549}.Debug|Any CPU.Build.0 = Debug|Any CPU
		{ABD0A903-4AAF-46A9-9372-DBF59B047549}.Release|Any CPU.ActiveCfg = Release|Any CPU
		{ABD0A903-4AAF-46A9-9372-DBF59B047549}.Release|Any CPU.Build.0 = Release|Any CPU
		{CEB5C5E3-4623-41E8-B087-2468CABA8845}.Debug|Any CPU.ActiveCfg = Debug|Any CPU
		{CEB5C5E3-4623-41E8-B087-2468CABA8845}.Debug|Any CPU.Build.0 = Debug|Any CPU
		{CEB5C5E3-4623-41E8-B087-2468CABA8845}.Release|Any CPU.ActiveCfg = Release|Any CPU
		{CEB5C5E3-4623-41E8-B087-2468CABA8845}.Release|Any CPU.Build.0 = Release|Any CPU
		{A4E5D712-8CF3-4319-A959-B7EDE9DC896C}.Debug|Any CPU.ActiveCfg = Debug|Any CPU
		{A4E5D712-8CF3-4319-A959-B7EDE9DC896C}.Debug|Any CPU.Build.0 = Debug|Any CPU
		{A4E5D712-8CF3-4319-A959-B7EDE9DC896C}.Release|Any CPU.ActiveCfg = Release|Any CPU
		{A4E5D712-8CF3-4319-A959-B7EDE9DC896C}.Release|Any CPU.Build.0 = Release|Any CPU
		{09947C49-0DB5-4ED7-8134-483F10436C13}.Debug|Any CPU.ActiveCfg = Debug|Any CPU
		{09947C49-0DB5-4ED7-8134-483F10436C13}.Debug|Any CPU.Build.0 = Debug|Any CPU
		{09947C49-0DB5-4ED7-8134-483F10436C13}.Release|Any CPU.ActiveCfg = Release|Any CPU
		{09947C49-0DB5-4ED7-8134-483F10436C13}.Release|Any CPU.Build.0 = Release|Any CPU
		{DBCCE6A6-5BE2-4999-AD76-D735ADA4346B}.Debug|Any CPU.ActiveCfg = Debug|Any CPU
		{DBCCE6A6-5BE2-4999-AD76-D735ADA4346B}.Debug|Any CPU.Build.0 = Debug|Any CPU
		{DBCCE6A6-5BE2-4999-AD76-D735ADA4346B}.Release|Any CPU.ActiveCfg = Release|Any CPU
		{DBCCE6A6-5BE2-4999-AD76-D735ADA4346B}.Release|Any CPU.Build.0 = Release|Any CPU
		{016D5928-3786-491C-9640-A15CD7A4FB1C}.Debug|Any CPU.ActiveCfg = Debug|Any CPU
		{016D5928-3786-491C-9640-A15CD7A4FB1C}.Debug|Any CPU.Build.0 = Debug|Any CPU
		{016D5928-3786-491C-9640-A15CD7A4FB1C}.Release|Any CPU.ActiveCfg = Release|Any CPU
		{016D5928-3786-491C-9640-A15CD7A4FB1C}.Release|Any CPU.Build.0 = Release|Any CPU
		{AB1AD67E-713F-441A-96D1-D19BDC0C5D10}.Debug|Any CPU.ActiveCfg = Debug|Any CPU
		{AB1AD67E-713F-441A-96D1-D19BDC0C5D10}.Debug|Any CPU.Build.0 = Debug|Any CPU
		{AB1AD67E-713F-441A-96D1-D19BDC0C5D10}.Release|Any CPU.ActiveCfg = Release|Any CPU
		{AB1AD67E-713F-441A-96D1-D19BDC0C5D10}.Release|Any CPU.Build.0 = Release|Any CPU
		{1FB1F101-6051-4295-862F-80347F247EBF}.Debug|Any CPU.ActiveCfg = Debug|Any CPU
		{1FB1F101-6051-4295-862F-80347F247EBF}.Debug|Any CPU.Build.0 = Debug|Any CPU
		{1FB1F101-6051-4295-862F-80347F247EBF}.Release|Any CPU.ActiveCfg = Release|Any CPU
		{1FB1F101-6051-4295-862F-80347F247EBF}.Release|Any CPU.Build.0 = Release|Any CPU
		{3009F5B6-F7DF-4820-8084-63FCCC3FD3BE}.Debug|Any CPU.ActiveCfg = Debug|Any CPU
		{3009F5B6-F7DF-4820-8084-63FCCC3FD3BE}.Debug|Any CPU.Build.0 = Debug|Any CPU
		{3009F5B6-F7DF-4820-8084-63FCCC3FD3BE}.Release|Any CPU.ActiveCfg = Release|Any CPU
		{3009F5B6-F7DF-4820-8084-63FCCC3FD3BE}.Release|Any CPU.Build.0 = Release|Any CPU
		{622B2A19-6038-4CC6-8E10-8B18A164E6A7}.Debug|Any CPU.ActiveCfg = Debug|Any CPU
		{622B2A19-6038-4CC6-8E10-8B18A164E6A7}.Debug|Any CPU.Build.0 = Debug|Any CPU
		{622B2A19-6038-4CC6-8E10-8B18A164E6A7}.Release|Any CPU.ActiveCfg = Release|Any CPU
		{622B2A19-6038-4CC6-8E10-8B18A164E6A7}.Release|Any CPU.Build.0 = Release|Any CPU
		{A28C7A46-18DB-4C80-ADE2-395676117000}.Debug|Any CPU.ActiveCfg = Debug|Any CPU
		{A28C7A46-18DB-4C80-ADE2-395676117000}.Debug|Any CPU.Build.0 = Debug|Any CPU
		{A28C7A46-18DB-4C80-ADE2-395676117000}.Release|Any CPU.ActiveCfg = Release|Any CPU
		{A28C7A46-18DB-4C80-ADE2-395676117000}.Release|Any CPU.Build.0 = Release|Any CPU
	EndGlobalSection
	GlobalSection(SolutionProperties) = preSolution
		HideSolutionNode = FALSE
	EndGlobalSection
	GlobalSection(ExtensibilityGlobals) = postSolution
		SolutionGuid = {20D9B820-BF59-45A2-AC36-ACC3F15D9AE3}
	EndGlobalSection
EndGlobal
