
Microsoft Visual Studio Solution File, Format Version 12.00
# Visual Studio 15
VisualStudioVersion = 15.0.28010.0
MinimumVisualStudioVersion = 10.0.40219.1
Project("{9A19103F-16F7-4668-BE54-9A1E7A4F7556}") = "Day2", "Day2\Day2.csproj", "{3E2261A5-FBD2-4E61-8E14-C08E63CB290D}"
EndProject
Project("{9A19103F-16F7-4668-BE54-9A1E7A4F7556}") = "Day2Tests", "Day2Tests\Day2Tests.csproj", "{8EFE5482-98A0-4B29-A6B5-0EA6E5D15362}"
EndProject
Project("{9A19103F-16F7-4668-BE54-9A1E7A4F7556}") = "Core", "Core\Core.csproj", "{69438616-DC00-470A-8632-1DC80BCCCA3A}"
EndProject
Project("{9A19103F-16F7-4668-BE54-9A1E7A4F7556}") = "Day1", "Day1\Day1.csproj", "{6CCA15E9-B59D-4C4A-A9E2-0E3A4FF7647A}"
EndProject
Project("{9A19103F-16F7-4668-BE54-9A1E7A4F7556}") = "Day1Tests", "Day1Tests\Day1Tests.csproj", "{ABD0A903-4AAF-46A9-9372-DBF59B047549}"
EndProject
Project("{9A19103F-16F7-4668-BE54-9A1E7A4F7556}") = "Day3", "Day3\Day3.csproj", "{CEB5C5E3-4623-41E8-B087-2468CABA8845}"
EndProject
Project("{9A19103F-16F7-4668-BE54-9A1E7A4F7556}") = "Day3Tests", "Day3Tests\Day3Tests.csproj", "{A4E5D712-8CF3-4319-A959-B7EDE9DC896C}"
EndProject
Project("{9A19103F-16F7-4668-BE54-9A1E7A4F7556}") = "Day4", "Day4\Day4.csproj", "{09947C49-0DB5-4ED7-8134-483F10436C13}"
EndProject
Project("{9A19103F-16F7-4668-BE54-9A1E7A4F7556}") = "Day4Tests", "Day4Tests\Day4Tests.csproj", "{DBCCE6A6-5BE2-4999-AD76-D735ADA4346B}"
EndProject
Project("{9A19103F-16F7-4668-BE54-9A1E7A4F7556}") = "Day5Tests", "Day5Tests\Day5Tests.csproj", "{016D5928-3786-491C-9640-A15CD7A4FB1C}"
EndProject
Project("{9A19103F-16F7-4668-BE54-9A1E7A4F7556}") = "Day5", "Day5\Day5.csproj", "{AB1AD67E-713F-441A-96D1-D19BDC0C5D10}"
EndProject
Project("{9A19103F-16F7-4668-BE54-9A1E7A4F7556}") = "Day6", "Day6\Day6.csproj", "{1FB1F101-6051-4295-862F-80347F247EBF}"
EndProject
Project("{9A19103F-16F7-4668-BE54-9A1E7A4F7556}") = "Day6Tests", "Day6Tests\Day6Tests.csproj", "{3009F5B6-F7DF-4820-8084-63FCCC3FD3BE}"
EndProject
Project("{9A19103F-16F7-4668-BE54-9A1E7A4F7556}") = "Day7", "Day7\Day7.csproj", "{622B2A19-6038-4CC6-8E10-8B18A164E6A7}"
EndProject
Project("{9A19103F-16F7-4668-BE54-9A1E7A4F7556}") = "Day7Tests", "Day7Tests\Day7Tests.csproj", "{A28C7A46-18DB-4C80-ADE2-395676117000}"
EndProject
Project("{9A19103F-16F7-4668-BE54-9A1E7A4F7556}") = "Day8", "Day8\Day8.csproj", "{F2B77586-AA5C-4ED6-A844-4AFBA9C15FF0}"
EndProject
Project("{9A19103F-16F7-4668-BE54-9A1E7A4F7556}") = "Day8Tests", "Day8Tests\Day8Tests.csproj", "{785DA5AD-3E4E-42A0-AEE6-AA5AFD388490}"
EndProject
Project("{9A19103F-16F7-4668-BE54-9A1E7A4F7556}") = "Day9", "Day9\Day9.csproj", "{BA380751-8104-43DA-AD71-A2B0FFE0871A}"
EndProject
Project("{9A19103F-16F7-4668-BE54-9A1E7A4F7556}") = "Day9Tests", "Day9Tests\Day9Tests.csproj", "{08C0DC94-F71A-41A8-B443-97F8C61E4DE2}"
EndProject
Project("{9A19103F-16F7-4668-BE54-9A1E7A4F7556}") = "Day10", "Day10\Day10.csproj", "{E6A19319-F015-4F6C-8692-8EFFB037CB08}"
EndProject
Project("{9A19103F-16F7-4668-BE54-9A1E7A4F7556}") = "Day11", "Day11\Day11.csproj", "{3A22C90F-B715-4B85-A198-1BD862389B32}"
EndProject
Project("{9A19103F-16F7-4668-BE54-9A1E7A4F7556}") = "Day11Tests", "Day11Tests\Day11Tests.csproj", "{9CD6D206-5301-426A-A401-94B0FBC5714F}"
EndProject
Project("{9A19103F-16F7-4668-BE54-9A1E7A4F7556}") = "Day12", "Day12\Day12.csproj", "{0CD15EAA-1E5F-4B70-9314-D093462684B0}"
EndProject
Project("{9A19103F-16F7-4668-BE54-9A1E7A4F7556}") = "Day13", "Day13\Day13.csproj", "{A42EAD94-5C5A-42A1-AD09-1E7B49A91363}"
EndProject
Project("{9A19103F-16F7-4668-BE54-9A1E7A4F7556}") = "Day14", "Day14\Day14.csproj", "{93D5042B-6F72-4500-84EF-D3DB15FE5D15}"
EndProject
Project("{9A19103F-16F7-4668-BE54-9A1E7A4F7556}") = "Day15", "Day15\Day15.csproj", "{B23102BF-B9DF-44CB-82E4-12F71902E622}"
EndProject
Project("{9A19103F-16F7-4668-BE54-9A1E7A4F7556}") = "Day16", "Day16\Day16.csproj", "{52C68B43-C65F-4517-8A28-B81B44744CDE}"
EndProject
Project("{9A19103F-16F7-4668-BE54-9A1E7A4F7556}") = "Day17", "Day17\Day17.csproj", "{CDA6822D-A606-4CF2-99DB-BC78F2F86437}"
EndProject
Project("{9A19103F-16F7-4668-BE54-9A1E7A4F7556}") = "Day17Tests", "Day17Tests\Day17Tests.csproj", "{F1155560-4FCD-493F-B07E-9C01E132A5E2}"
EndProject
Project("{9A19103F-16F7-4668-BE54-9A1E7A4F7556}") = "Day18", "Day18\Day18.csproj", "{FBB88BD2-FDA1-45F4-A325-B2219EA98411}"
EndProject
Project("{9A19103F-16F7-4668-BE54-9A1E7A4F7556}") = "Day18Tests", "Day18Tests\Day18Tests.csproj", "{716740BC-55F8-448E-A91E-8070EE4A14A8}"
EndProject
Project("{9A19103F-16F7-4668-BE54-9A1E7A4F7556}") = "Day19", "Day19\Day19.csproj", "{BBBC7B6B-6C8B-4814-AB97-342D5EC089B8}"
EndProject
Project("{9A19103F-16F7-4668-BE54-9A1E7A4F7556}") = "Day20", "Day20\Day20.csproj", "{ADDBBFFC-827A-4B90-BA4A-373E0624A703}"
EndProject
Project("{9A19103F-16F7-4668-BE54-9A1E7A4F7556}") = "Day21Tests", "Day20Tests\Day21Tests.csproj", "{A19AD571-6D56-4031-8F02-6CB44400F1B4}"
EndProject
Project("{FAE04EC0-301F-11D3-BF4B-00C04F79EFBC}") = "Day21", "D\Day21.csproj", "{CC453F2C-BA44-4DD7-A837-ECBF346F2F43}"
EndProject
Global
	GlobalSection(SolutionConfigurationPlatforms) = preSolution
		Debug|Any CPU = Debug|Any CPU
		Release|Any CPU = Release|Any CPU
	EndGlobalSection
	GlobalSection(ProjectConfigurationPlatforms) = postSolution
		{3E2261A5-FBD2-4E61-8E14-C08E63CB290D}.Debug|Any CPU.ActiveCfg = Debug|Any CPU
		{3E2261A5-FBD2-4E61-8E14-C08E63CB290D}.Debug|Any CPU.Build.0 = Debug|Any CPU
		{3E2261A5-FBD2-4E61-8E14-C08E63CB290D}.Release|Any CPU.ActiveCfg = Release|Any CPU
		{3E2261A5-FBD2-4E61-8E14-C08E63CB290D}.Release|Any CPU.Build.0 = Release|Any CPU
		{8EFE5482-98A0-4B29-A6B5-0EA6E5D15362}.Debug|Any CPU.ActiveCfg = Debug|Any CPU
		{8EFE5482-98A0-4B29-A6B5-0EA6E5D15362}.Debug|Any CPU.Build.0 = Debug|Any CPU
		{8EFE5482-98A0-4B29-A6B5-0EA6E5D15362}.Release|Any CPU.ActiveCfg = Release|Any CPU
		{8EFE5482-98A0-4B29-A6B5-0EA6E5D15362}.Release|Any CPU.Build.0 = Release|Any CPU
		{69438616-DC00-470A-8632-1DC80BCCCA3A}.Debug|Any CPU.ActiveCfg = Debug|Any CPU
		{69438616-DC00-470A-8632-1DC80BCCCA3A}.Debug|Any CPU.Build.0 = Debug|Any CPU
		{69438616-DC00-470A-8632-1DC80BCCCA3A}.Release|Any CPU.ActiveCfg = Release|Any CPU
		{69438616-DC00-470A-8632-1DC80BCCCA3A}.Release|Any CPU.Build.0 = Release|Any CPU
		{6CCA15E9-B59D-4C4A-A9E2-0E3A4FF7647A}.Debug|Any CPU.ActiveCfg = Debug|Any CPU
		{6CCA15E9-B59D-4C4A-A9E2-0E3A4FF7647A}.Debug|Any CPU.Build.0 = Debug|Any CPU
		{6CCA15E9-B59D-4C4A-A9E2-0E3A4FF7647A}.Release|Any CPU.ActiveCfg = Release|Any CPU
		{6CCA15E9-B59D-4C4A-A9E2-0E3A4FF7647A}.Release|Any CPU.Build.0 = Release|Any CPU
		{ABD0A903-4AAF-46A9-9372-DBF59B047549}.Debug|Any CPU.ActiveCfg = Debug|Any CPU
		{ABD0A903-4AAF-46A9-9372-DBF59B047549}.Debug|Any CPU.Build.0 = Debug|Any CPU
		{ABD0A903-4AAF-46A9-9372-DBF59B047549}.Release|Any CPU.ActiveCfg = Release|Any CPU
		{ABD0A903-4AAF-46A9-9372-DBF59B047549}.Release|Any CPU.Build.0 = Release|Any CPU
		{CEB5C5E3-4623-41E8-B087-2468CABA8845}.Debug|Any CPU.ActiveCfg = Debug|Any CPU
		{CEB5C5E3-4623-41E8-B087-2468CABA8845}.Debug|Any CPU.Build.0 = Debug|Any CPU
		{CEB5C5E3-4623-41E8-B087-2468CABA8845}.Release|Any CPU.ActiveCfg = Release|Any CPU
		{CEB5C5E3-4623-41E8-B087-2468CABA8845}.Release|Any CPU.Build.0 = Release|Any CPU
		{A4E5D712-8CF3-4319-A959-B7EDE9DC896C}.Debug|Any CPU.ActiveCfg = Debug|Any CPU
		{A4E5D712-8CF3-4319-A959-B7EDE9DC896C}.Debug|Any CPU.Build.0 = Debug|Any CPU
		{A4E5D712-8CF3-4319-A959-B7EDE9DC896C}.Release|Any CPU.ActiveCfg = Release|Any CPU
		{A4E5D712-8CF3-4319-A959-B7EDE9DC896C}.Release|Any CPU.Build.0 = Release|Any CPU
		{09947C49-0DB5-4ED7-8134-483F10436C13}.Debug|Any CPU.ActiveCfg = Debug|Any CPU
		{09947C49-0DB5-4ED7-8134-483F10436C13}.Debug|Any CPU.Build.0 = Debug|Any CPU
		{09947C49-0DB5-4ED7-8134-483F10436C13}.Release|Any CPU.ActiveCfg = Release|Any CPU
		{09947C49-0DB5-4ED7-8134-483F10436C13}.Release|Any CPU.Build.0 = Release|Any CPU
		{DBCCE6A6-5BE2-4999-AD76-D735ADA4346B}.Debug|Any CPU.ActiveCfg = Debug|Any CPU
		{DBCCE6A6-5BE2-4999-AD76-D735ADA4346B}.Debug|Any CPU.Build.0 = Debug|Any CPU
		{DBCCE6A6-5BE2-4999-AD76-D735ADA4346B}.Release|Any CPU.ActiveCfg = Release|Any CPU
		{DBCCE6A6-5BE2-4999-AD76-D735ADA4346B}.Release|Any CPU.Build.0 = Release|Any CPU
		{016D5928-3786-491C-9640-A15CD7A4FB1C}.Debug|Any CPU.ActiveCfg = Debug|Any CPU
		{016D5928-3786-491C-9640-A15CD7A4FB1C}.Debug|Any CPU.Build.0 = Debug|Any CPU
		{016D5928-3786-491C-9640-A15CD7A4FB1C}.Release|Any CPU.ActiveCfg = Release|Any CPU
		{016D5928-3786-491C-9640-A15CD7A4FB1C}.Release|Any CPU.Build.0 = Release|Any CPU
		{AB1AD67E-713F-441A-96D1-D19BDC0C5D10}.Debug|Any CPU.ActiveCfg = Debug|Any CPU
		{AB1AD67E-713F-441A-96D1-D19BDC0C5D10}.Debug|Any CPU.Build.0 = Debug|Any CPU
		{AB1AD67E-713F-441A-96D1-D19BDC0C5D10}.Release|Any CPU.ActiveCfg = Release|Any CPU
		{AB1AD67E-713F-441A-96D1-D19BDC0C5D10}.Release|Any CPU.Build.0 = Release|Any CPU
		{1FB1F101-6051-4295-862F-80347F247EBF}.Debug|Any CPU.ActiveCfg = Debug|Any CPU
		{1FB1F101-6051-4295-862F-80347F247EBF}.Debug|Any CPU.Build.0 = Debug|Any CPU
		{1FB1F101-6051-4295-862F-80347F247EBF}.Release|Any CPU.ActiveCfg = Release|Any CPU
		{1FB1F101-6051-4295-862F-80347F247EBF}.Release|Any CPU.Build.0 = Release|Any CPU
		{3009F5B6-F7DF-4820-8084-63FCCC3FD3BE}.Debug|Any CPU.ActiveCfg = Debug|Any CPU
		{3009F5B6-F7DF-4820-8084-63FCCC3FD3BE}.Debug|Any CPU.Build.0 = Debug|Any CPU
		{3009F5B6-F7DF-4820-8084-63FCCC3FD3BE}.Release|Any CPU.ActiveCfg = Release|Any CPU
		{3009F5B6-F7DF-4820-8084-63FCCC3FD3BE}.Release|Any CPU.Build.0 = Release|Any CPU
		{622B2A19-6038-4CC6-8E10-8B18A164E6A7}.Debug|Any CPU.ActiveCfg = Debug|Any CPU
		{622B2A19-6038-4CC6-8E10-8B18A164E6A7}.Debug|Any CPU.Build.0 = Debug|Any CPU
		{622B2A19-6038-4CC6-8E10-8B18A164E6A7}.Release|Any CPU.ActiveCfg = Release|Any CPU
		{622B2A19-6038-4CC6-8E10-8B18A164E6A7}.Release|Any CPU.Build.0 = Release|Any CPU
		{A28C7A46-18DB-4C80-ADE2-395676117000}.Debug|Any CPU.ActiveCfg = Debug|Any CPU
		{A28C7A46-18DB-4C80-ADE2-395676117000}.Debug|Any CPU.Build.0 = Debug|Any CPU
		{A28C7A46-18DB-4C80-ADE2-395676117000}.Release|Any CPU.ActiveCfg = Release|Any CPU
		{A28C7A46-18DB-4C80-ADE2-395676117000}.Release|Any CPU.Build.0 = Release|Any CPU
		{F2B77586-AA5C-4ED6-A844-4AFBA9C15FF0}.Debug|Any CPU.ActiveCfg = Debug|Any CPU
		{F2B77586-AA5C-4ED6-A844-4AFBA9C15FF0}.Debug|Any CPU.Build.0 = Debug|Any CPU
		{F2B77586-AA5C-4ED6-A844-4AFBA9C15FF0}.Release|Any CPU.ActiveCfg = Release|Any CPU
		{F2B77586-AA5C-4ED6-A844-4AFBA9C15FF0}.Release|Any CPU.Build.0 = Release|Any CPU
		{785DA5AD-3E4E-42A0-AEE6-AA5AFD388490}.Debug|Any CPU.ActiveCfg = Debug|Any CPU
		{785DA5AD-3E4E-42A0-AEE6-AA5AFD388490}.Debug|Any CPU.Build.0 = Debug|Any CPU
		{785DA5AD-3E4E-42A0-AEE6-AA5AFD388490}.Release|Any CPU.ActiveCfg = Release|Any CPU
		{785DA5AD-3E4E-42A0-AEE6-AA5AFD388490}.Release|Any CPU.Build.0 = Release|Any CPU
		{BA380751-8104-43DA-AD71-A2B0FFE0871A}.Debug|Any CPU.ActiveCfg = Debug|Any CPU
		{BA380751-8104-43DA-AD71-A2B0FFE0871A}.Debug|Any CPU.Build.0 = Debug|Any CPU
		{BA380751-8104-43DA-AD71-A2B0FFE0871A}.Release|Any CPU.ActiveCfg = Release|Any CPU
		{BA380751-8104-43DA-AD71-A2B0FFE0871A}.Release|Any CPU.Build.0 = Release|Any CPU
		{08C0DC94-F71A-41A8-B443-97F8C61E4DE2}.Debug|Any CPU.ActiveCfg = Debug|Any CPU
		{08C0DC94-F71A-41A8-B443-97F8C61E4DE2}.Debug|Any CPU.Build.0 = Debug|Any CPU
		{08C0DC94-F71A-41A8-B443-97F8C61E4DE2}.Release|Any CPU.ActiveCfg = Release|Any CPU
		{08C0DC94-F71A-41A8-B443-97F8C61E4DE2}.Release|Any CPU.Build.0 = Release|Any CPU
		{E6A19319-F015-4F6C-8692-8EFFB037CB08}.Debug|Any CPU.ActiveCfg = Debug|Any CPU
		{E6A19319-F015-4F6C-8692-8EFFB037CB08}.Debug|Any CPU.Build.0 = Debug|Any CPU
		{E6A19319-F015-4F6C-8692-8EFFB037CB08}.Release|Any CPU.ActiveCfg = Release|Any CPU
		{E6A19319-F015-4F6C-8692-8EFFB037CB08}.Release|Any CPU.Build.0 = Release|Any CPU
		{3A22C90F-B715-4B85-A198-1BD862389B32}.Debug|Any CPU.ActiveCfg = Debug|Any CPU
		{3A22C90F-B715-4B85-A198-1BD862389B32}.Debug|Any CPU.Build.0 = Debug|Any CPU
		{3A22C90F-B715-4B85-A198-1BD862389B32}.Release|Any CPU.ActiveCfg = Release|Any CPU
		{3A22C90F-B715-4B85-A198-1BD862389B32}.Release|Any CPU.Build.0 = Release|Any CPU
		{9CD6D206-5301-426A-A401-94B0FBC5714F}.Debug|Any CPU.ActiveCfg = Debug|Any CPU
		{9CD6D206-5301-426A-A401-94B0FBC5714F}.Debug|Any CPU.Build.0 = Debug|Any CPU
		{9CD6D206-5301-426A-A401-94B0FBC5714F}.Release|Any CPU.ActiveCfg = Release|Any CPU
		{9CD6D206-5301-426A-A401-94B0FBC5714F}.Release|Any CPU.Build.0 = Release|Any CPU
		{0CD15EAA-1E5F-4B70-9314-D093462684B0}.Debug|Any CPU.ActiveCfg = Debug|Any CPU
		{0CD15EAA-1E5F-4B70-9314-D093462684B0}.Debug|Any CPU.Build.0 = Debug|Any CPU
		{0CD15EAA-1E5F-4B70-9314-D093462684B0}.Release|Any CPU.ActiveCfg = Release|Any CPU
		{0CD15EAA-1E5F-4B70-9314-D093462684B0}.Release|Any CPU.Build.0 = Release|Any CPU
		{A42EAD94-5C5A-42A1-AD09-1E7B49A91363}.Debug|Any CPU.ActiveCfg = Debug|Any CPU
		{A42EAD94-5C5A-42A1-AD09-1E7B49A91363}.Debug|Any CPU.Build.0 = Debug|Any CPU
		{A42EAD94-5C5A-42A1-AD09-1E7B49A91363}.Release|Any CPU.ActiveCfg = Release|Any CPU
		{A42EAD94-5C5A-42A1-AD09-1E7B49A91363}.Release|Any CPU.Build.0 = Release|Any CPU
		{93D5042B-6F72-4500-84EF-D3DB15FE5D15}.Debug|Any CPU.ActiveCfg = Debug|Any CPU
		{93D5042B-6F72-4500-84EF-D3DB15FE5D15}.Debug|Any CPU.Build.0 = Debug|Any CPU
		{93D5042B-6F72-4500-84EF-D3DB15FE5D15}.Release|Any CPU.ActiveCfg = Release|Any CPU
		{93D5042B-6F72-4500-84EF-D3DB15FE5D15}.Release|Any CPU.Build.0 = Release|Any CPU
		{B23102BF-B9DF-44CB-82E4-12F71902E622}.Debug|Any CPU.ActiveCfg = Debug|Any CPU
		{B23102BF-B9DF-44CB-82E4-12F71902E622}.Debug|Any CPU.Build.0 = Debug|Any CPU
		{B23102BF-B9DF-44CB-82E4-12F71902E622}.Release|Any CPU.ActiveCfg = Release|Any CPU
		{B23102BF-B9DF-44CB-82E4-12F71902E622}.Release|Any CPU.Build.0 = Release|Any CPU
		{52C68B43-C65F-4517-8A28-B81B44744CDE}.Debug|Any CPU.ActiveCfg = Debug|Any CPU
		{52C68B43-C65F-4517-8A28-B81B44744CDE}.Debug|Any CPU.Build.0 = Debug|Any CPU
		{52C68B43-C65F-4517-8A28-B81B44744CDE}.Release|Any CPU.ActiveCfg = Release|Any CPU
		{52C68B43-C65F-4517-8A28-B81B44744CDE}.Release|Any CPU.Build.0 = Release|Any CPU
		{CDA6822D-A606-4CF2-99DB-BC78F2F86437}.Debug|Any CPU.ActiveCfg = Debug|Any CPU
		{CDA6822D-A606-4CF2-99DB-BC78F2F86437}.Debug|Any CPU.Build.0 = Debug|Any CPU
		{CDA6822D-A606-4CF2-99DB-BC78F2F86437}.Release|Any CPU.ActiveCfg = Release|Any CPU
		{CDA6822D-A606-4CF2-99DB-BC78F2F86437}.Release|Any CPU.Build.0 = Release|Any CPU
		{F1155560-4FCD-493F-B07E-9C01E132A5E2}.Debug|Any CPU.ActiveCfg = Debug|Any CPU
		{F1155560-4FCD-493F-B07E-9C01E132A5E2}.Debug|Any CPU.Build.0 = Debug|Any CPU
		{F1155560-4FCD-493F-B07E-9C01E132A5E2}.Release|Any CPU.ActiveCfg = Release|Any CPU
		{F1155560-4FCD-493F-B07E-9C01E132A5E2}.Release|Any CPU.Build.0 = Release|Any CPU
		{FBB88BD2-FDA1-45F4-A325-B2219EA98411}.Debug|Any CPU.ActiveCfg = Debug|Any CPU
		{FBB88BD2-FDA1-45F4-A325-B2219EA98411}.Debug|Any CPU.Build.0 = Debug|Any CPU
		{FBB88BD2-FDA1-45F4-A325-B2219EA98411}.Release|Any CPU.ActiveCfg = Release|Any CPU
		{FBB88BD2-FDA1-45F4-A325-B2219EA98411}.Release|Any CPU.Build.0 = Release|Any CPU
		{716740BC-55F8-448E-A91E-8070EE4A14A8}.Debug|Any CPU.ActiveCfg = Debug|Any CPU
		{716740BC-55F8-448E-A91E-8070EE4A14A8}.Debug|Any CPU.Build.0 = Debug|Any CPU
		{716740BC-55F8-448E-A91E-8070EE4A14A8}.Release|Any CPU.ActiveCfg = Release|Any CPU
		{716740BC-55F8-448E-A91E-8070EE4A14A8}.Release|Any CPU.Build.0 = Release|Any CPU
		{BBBC7B6B-6C8B-4814-AB97-342D5EC089B8}.Debug|Any CPU.ActiveCfg = Debug|Any CPU
		{BBBC7B6B-6C8B-4814-AB97-342D5EC089B8}.Debug|Any CPU.Build.0 = Debug|Any CPU
		{BBBC7B6B-6C8B-4814-AB97-342D5EC089B8}.Release|Any CPU.ActiveCfg = Release|Any CPU
		{BBBC7B6B-6C8B-4814-AB97-342D5EC089B8}.Release|Any CPU.Build.0 = Release|Any CPU
		{ADDBBFFC-827A-4B90-BA4A-373E0624A703}.Debug|Any CPU.ActiveCfg = Debug|Any CPU
		{ADDBBFFC-827A-4B90-BA4A-373E0624A703}.Debug|Any CPU.Build.0 = Debug|Any CPU
		{ADDBBFFC-827A-4B90-BA4A-373E0624A703}.Release|Any CPU.ActiveCfg = Release|Any CPU
		{ADDBBFFC-827A-4B90-BA4A-373E0624A703}.Release|Any CPU.Build.0 = Release|Any CPU
		{A19AD571-6D56-4031-8F02-6CB44400F1B4}.Debug|Any CPU.ActiveCfg = Debug|Any CPU
		{A19AD571-6D56-4031-8F02-6CB44400F1B4}.Debug|Any CPU.Build.0 = Debug|Any CPU
		{A19AD571-6D56-4031-8F02-6CB44400F1B4}.Release|Any CPU.ActiveCfg = Release|Any CPU
		{A19AD571-6D56-4031-8F02-6CB44400F1B4}.Release|Any CPU.Build.0 = Release|Any CPU
		{CC453F2C-BA44-4DD7-A837-ECBF346F2F43}.Debug|Any CPU.ActiveCfg = Debug|Any CPU
		{CC453F2C-BA44-4DD7-A837-ECBF346F2F43}.Debug|Any CPU.Build.0 = Debug|Any CPU
		{CC453F2C-BA44-4DD7-A837-ECBF346F2F43}.Release|Any CPU.ActiveCfg = Release|Any CPU
		{CC453F2C-BA44-4DD7-A837-ECBF346F2F43}.Release|Any CPU.Build.0 = Release|Any CPU
	EndGlobalSection
	GlobalSection(SolutionProperties) = preSolution
		HideSolutionNode = FALSE
	EndGlobalSection
	GlobalSection(ExtensibilityGlobals) = postSolution
		SolutionGuid = {20D9B820-BF59-45A2-AC36-ACC3F15D9AE3}
	EndGlobalSection
EndGlobal
